// !$*UTF8*$!
{
	archiveVersion = 1;
	classes = {
	};
	objectVersion = 46;
	objects = {

/* Begin PBXBuildFile section */
		049FB87314997D5F003D4DA2 /* LeftViewController.xib in Resources */ = {isa = PBXBuildFile; fileRef = 049FB87414997D5F003D4DA2 /* LeftViewController.xib */; };
		CE8DDB791498E4BB00B0DDD0 /* HomeViewController.m in Sources */ = {isa = PBXBuildFile; fileRef = CE8DDB771498E4BB00B0DDD0 /* HomeViewController.m */; };
		CE8DDB7A1498E4BB00B0DDD0 /* HomeViewController.xib in Resources */ = {isa = PBXBuildFile; fileRef = CE8DDB781498E4BB00B0DDD0 /* HomeViewController.xib */; };
		CE8DDB831499037300B0DDD0 /* SecondLevelViewController.m in Sources */ = {isa = PBXBuildFile; fileRef = CE8DDB811499037200B0DDD0 /* SecondLevelViewController.m */; };
		CE8DDB841499037300B0DDD0 /* SecondLevelViewController.xib in Resources */ = {isa = PBXBuildFile; fileRef = CE8DDB821499037300B0DDD0 /* SecondLevelViewController.xib */; };
		CEB1255E1498D519008A4B70 /* UIKit.framework in Frameworks */ = {isa = PBXBuildFile; fileRef = CEB1255D1498D519008A4B70 /* UIKit.framework */; };
		CEB125601498D519008A4B70 /* Foundation.framework in Frameworks */ = {isa = PBXBuildFile; fileRef = CEB1255F1498D519008A4B70 /* Foundation.framework */; };
		CEB125621498D519008A4B70 /* CoreGraphics.framework in Frameworks */ = {isa = PBXBuildFile; fileRef = CEB125611498D519008A4B70 /* CoreGraphics.framework */; };
		CEB125681498D519008A4B70 /* InfoPlist.strings in Resources */ = {isa = PBXBuildFile; fileRef = CEB125661498D519008A4B70 /* InfoPlist.strings */; };
		CEB1256A1498D519008A4B70 /* main.m in Sources */ = {isa = PBXBuildFile; fileRef = CEB125691498D519008A4B70 /* main.m */; };
		CEB1256E1498D519008A4B70 /* AppDelegate.m in Sources */ = {isa = PBXBuildFile; fileRef = CEB1256D1498D519008A4B70 /* AppDelegate.m */; };
		CEB125711498D519008A4B70 /* LeftViewController.m in Sources */ = {isa = PBXBuildFile; fileRef = CEB125701498D519008A4B70 /* LeftViewController.m */; };
		CEB1257D1498D6BF008A4B70 /* MainWindow.xib in Resources */ = {isa = PBXBuildFile; fileRef = CEB1257C1498D6BF008A4B70 /* MainWindow.xib */; };
		CEB125811498DCB8008A4B70 /* RightViewController.m in Sources */ = {isa = PBXBuildFile; fileRef = CEB1257F1498DCB8008A4B70 /* RightViewController.m */; };
		CEB125821498DCB8008A4B70 /* RightViewController.xib in Resources */ = {isa = PBXBuildFile; fileRef = CEB125801498DCB8008A4B70 /* RightViewController.xib */; };
/* End PBXBuildFile section */

/* Begin PBXFileReference section */
		049FB87414997D5F003D4DA2 /* LeftViewController.xib */ = {isa = PBXFileReference; lastKnownFileType = file.xib; path = LeftViewController.xib; sourceTree = "<group>"; };
		CE8DDB761498E4BB00B0DDD0 /* HomeViewController.h */ = {isa = PBXFileReference; fileEncoding = 4; lastKnownFileType = sourcecode.c.h; path = HomeViewController.h; sourceTree = "<group>"; };
		CE8DDB771498E4BB00B0DDD0 /* HomeViewController.m */ = {isa = PBXFileReference; fileEncoding = 4; lastKnownFileType = sourcecode.c.objc; path = HomeViewController.m; sourceTree = "<group>"; };
		CE8DDB781498E4BB00B0DDD0 /* HomeViewController.xib */ = {isa = PBXFileReference; fileEncoding = 4; lastKnownFileType = file.xib; path = HomeViewController.xib; sourceTree = "<group>"; };
		CE8DDB801499037200B0DDD0 /* SecondLevelViewController.h */ = {isa = PBXFileReference; fileEncoding = 4; lastKnownFileType = sourcecode.c.h; path = SecondLevelViewController.h; sourceTree = "<group>"; };
		CE8DDB811499037200B0DDD0 /* SecondLevelViewController.m */ = {isa = PBXFileReference; fileEncoding = 4; lastKnownFileType = sourcecode.c.objc; path = SecondLevelViewController.m; sourceTree = "<group>"; };
		CE8DDB821499037300B0DDD0 /* SecondLevelViewController.xib */ = {isa = PBXFileReference; fileEncoding = 4; lastKnownFileType = file.xib; path = SecondLevelViewController.xib; sourceTree = "<group>"; };
		CEB125591498D519008A4B70 /* Path2DemoPrj.app */ = {isa = PBXFileReference; explicitFileType = wrapper.application; includeInIndex = 0; path = Path2DemoPrj.app; sourceTree = BUILT_PRODUCTS_DIR; };
		CEB1255D1498D519008A4B70 /* UIKit.framework */ = {isa = PBXFileReference; lastKnownFileType = wrapper.framework; name = UIKit.framework; path = System/Library/Frameworks/UIKit.framework; sourceTree = SDKROOT; };
		CEB1255F1498D519008A4B70 /* Foundation.framework */ = {isa = PBXFileReference; lastKnownFileType = wrapper.framework; name = Foundation.framework; path = System/Library/Frameworks/Foundation.framework; sourceTree = SDKROOT; };
		CEB125611498D519008A4B70 /* CoreGraphics.framework */ = {isa = PBXFileReference; lastKnownFileType = wrapper.framework; name = CoreGraphics.framework; path = System/Library/Frameworks/CoreGraphics.framework; sourceTree = SDKROOT; };
		CEB125651498D519008A4B70 /* Path2DemoPrj-Info.plist */ = {isa = PBXFileReference; lastKnownFileType = text.plist.xml; path = "Path2DemoPrj-Info.plist"; sourceTree = "<group>"; };
		CEB125671498D519008A4B70 /* en */ = {isa = PBXFileReference; lastKnownFileType = text.plist.strings; name = en; path = en.lproj/InfoPlist.strings; sourceTree = "<group>"; };
		CEB125691498D519008A4B70 /* main.m */ = {isa = PBXFileReference; lastKnownFileType = sourcecode.c.objc; path = main.m; sourceTree = "<group>"; };
		CEB1256B1498D519008A4B70 /* Path2DemoPrj-Prefix.pch */ = {isa = PBXFileReference; lastKnownFileType = sourcecode.c.h; path = "Path2DemoPrj-Prefix.pch"; sourceTree = "<group>"; };
		CEB1256C1498D519008A4B70 /* AppDelegate.h */ = {isa = PBXFileReference; lastKnownFileType = sourcecode.c.h; path = AppDelegate.h; sourceTree = "<group>"; };
		CEB1256D1498D519008A4B70 /* AppDelegate.m */ = {isa = PBXFileReference; lastKnownFileType = sourcecode.c.objc; path = AppDelegate.m; sourceTree = "<group>"; };
		CEB1256F1498D519008A4B70 /* LeftViewController.h */ = {isa = PBXFileReference; lastKnownFileType = sourcecode.c.h; path = LeftViewController.h; sourceTree = "<group>"; };
		CEB125701498D519008A4B70 /* LeftViewController.m */ = {isa = PBXFileReference; lastKnownFileType = sourcecode.c.objc; path = LeftViewController.m; sourceTree = "<group>"; };
		CEB1257C1498D6BF008A4B70 /* MainWindow.xib */ = {isa = PBXFileReference; fileEncoding = 4; lastKnownFileType = file.xib; path = MainWindow.xib; sourceTree = "<group>"; };
		CEB1257E1498DCB8008A4B70 /* RightViewController.h */ = {isa = PBXFileReference; fileEncoding = 4; lastKnownFileType = sourcecode.c.h; path = RightViewController.h; sourceTree = "<group>"; };
		CEB1257F1498DCB8008A4B70 /* RightViewController.m */ = {isa = PBXFileReference; fileEncoding = 4; lastKnownFileType = sourcecode.c.objc; path = RightViewController.m; sourceTree = "<group>"; };
		CEB125801498DCB8008A4B70 /* RightViewController.xib */ = {isa = PBXFileReference; fileEncoding = 4; lastKnownFileType = file.xib; path = RightViewController.xib; sourceTree = "<group>"; };
/* End PBXFileReference section */

/* Begin PBXFrameworksBuildPhase section */
		CEB125561498D519008A4B70 /* Frameworks */ = {
			isa = PBXFrameworksBuildPhase;
			buildActionMask = 2147483647;
			files = (
				CEB1255E1498D519008A4B70 /* UIKit.framework in Frameworks */,
				CEB125601498D519008A4B70 /* Foundation.framework in Frameworks */,
				CEB125621498D519008A4B70 /* CoreGraphics.framework in Frameworks */,
			);
			runOnlyForDeploymentPostprocessing = 0;
		};
/* End PBXFrameworksBuildPhase section */

/* Begin PBXGroup section */
		CEB1254E1498D519008A4B70 = {
			isa = PBXGroup;
			children = (
				CEB125631498D519008A4B70 /* Path2DemoPrj */,
				CEB1255C1498D519008A4B70 /* Frameworks */,
				CEB1255A1498D519008A4B70 /* Products */,
			);
			sourceTree = "<group>";
		};
		CEB1255A1498D519008A4B70 /* Products */ = {
			isa = PBXGroup;
			children = (
				CEB125591498D519008A4B70 /* Path2DemoPrj.app */,
			);
			name = Products;
			sourceTree = "<group>";
		};
		CEB1255C1498D519008A4B70 /* Frameworks */ = {
			isa = PBXGroup;
			children = (
				CEB1255D1498D519008A4B70 /* UIKit.framework */,
				CEB1255F1498D519008A4B70 /* Foundation.framework */,
				CEB125611498D519008A4B70 /* CoreGraphics.framework */,
			);
			name = Frameworks;
			sourceTree = "<group>";
		};
		CEB125631498D519008A4B70 /* Path2DemoPrj */ = {
			isa = PBXGroup;
			children = (
				CEB1257A1498D617008A4B70 /* Class */,
				CEB1257B1498D632008A4B70 /* Xib */,
				CEB125641498D519008A4B70 /* Supporting Files */,
			);
			path = Path2DemoPrj;
			sourceTree = "<group>";
		};
		CEB125641498D519008A4B70 /* Supporting Files */ = {
			isa = PBXGroup;
			children = (
				CEB125651498D519008A4B70 /* Path2DemoPrj-Info.plist */,
				CEB125661498D519008A4B70 /* InfoPlist.strings */,
				CEB125691498D519008A4B70 /* main.m */,
				CEB1256B1498D519008A4B70 /* Path2DemoPrj-Prefix.pch */,
			);
			name = "Supporting Files";
			sourceTree = "<group>";
		};
		CEB1257A1498D617008A4B70 /* Class */ = {
			isa = PBXGroup;
			children = (
				CEB1256C1498D519008A4B70 /* AppDelegate.h */,
				CEB1256D1498D519008A4B70 /* AppDelegate.m */,
				CEB1256F1498D519008A4B70 /* LeftViewController.h */,
				CEB125701498D519008A4B70 /* LeftViewController.m */,
				CEB1257E1498DCB8008A4B70 /* RightViewController.h */,
				CEB1257F1498DCB8008A4B70 /* RightViewController.m */,
				CE8DDB761498E4BB00B0DDD0 /* HomeViewController.h */,
				CE8DDB771498E4BB00B0DDD0 /* HomeViewController.m */,
				CE8DDB801499037200B0DDD0 /* SecondLevelViewController.h */,
				CE8DDB811499037200B0DDD0 /* SecondLevelViewController.m */,
			);
			name = Class;
			sourceTree = "<group>";
		};
		CEB1257B1498D632008A4B70 /* Xib */ = {
			isa = PBXGroup;
			children = (
				CE8DDB781498E4BB00B0DDD0 /* HomeViewController.xib */,
				049FB87414997D5F003D4DA2 /* LeftViewController.xib */,
				CEB125801498DCB8008A4B70 /* RightViewController.xib */,
				CE8DDB821499037300B0DDD0 /* SecondLevelViewController.xib */,
				CEB1257C1498D6BF008A4B70 /* MainWindow.xib */,
			);
			name = Xib;
			sourceTree = "<group>";
		};
/* End PBXGroup section */

/* Begin PBXNativeTarget section */
		CEB125581498D519008A4B70 /* Path2DemoPrj */ = {
			isa = PBXNativeTarget;
			buildConfigurationList = CEB125771498D519008A4B70 /* Build configuration list for PBXNativeTarget "Path2DemoPrj" */;
			buildPhases = (
				CEB125551498D519008A4B70 /* Sources */,
				CEB125561498D519008A4B70 /* Frameworks */,
				CEB125571498D519008A4B70 /* Resources */,
			);
			buildRules = (
			);
			dependencies = (
			);
			name = Path2DemoPrj;
			productName = Path2DemoPrj;
			productReference = CEB125591498D519008A4B70 /* Path2DemoPrj.app */;
			productType = "com.apple.product-type.application";
		};
/* End PBXNativeTarget section */

/* Begin PBXProject section */
		CEB125501498D519008A4B70 /* Project object */ = {
			isa = PBXProject;
			attributes = {
				LastUpgradeCheck = 0420;
				ORGANIZATIONNAME = Ethan;
			};
			buildConfigurationList = CEB125531498D519008A4B70 /* Build configuration list for PBXProject "Path2DemoPrj" */;
			compatibilityVersion = "Xcode 3.2";
			developmentRegion = English;
			hasScannedForEncodings = 0;
			knownRegions = (
				en,
			);
			mainGroup = CEB1254E1498D519008A4B70;
			productRefGroup = CEB1255A1498D519008A4B70 /* Products */;
			projectDirPath = "";
			projectRoot = "";
			targets = (
				CEB125581498D519008A4B70 /* Path2DemoPrj */,
			);
		};
/* End PBXProject section */

/* Begin PBXResourcesBuildPhase section */
		CEB125571498D519008A4B70 /* Resources */ = {
			isa = PBXResourcesBuildPhase;
			buildActionMask = 2147483647;
			files = (
				CEB125681498D519008A4B70 /* InfoPlist.strings in Resources */,
				049FB87314997D5F003D4DA2 /* LeftViewController.xib in Resources */,
				CEB1257D1498D6BF008A4B70 /* MainWindow.xib in Resources */,
				CEB125821498DCB8008A4B70 /* RightViewController.xib in Resources */,
				CE8DDB7A1498E4BB00B0DDD0 /* HomeViewController.xib in Resources */,
				CE8DDB841499037300B0DDD0 /* SecondLevelViewController.xib in Resources */,
			);
			runOnlyForDeploymentPostprocessing = 0;
		};
/* End PBXResourcesBuildPhase section */

/* Begin PBXSourcesBuildPhase section */
		CEB125551498D519008A4B70 /* Sources */ = {
			isa = PBXSourcesBuildPhase;
			buildActionMask = 2147483647;
			files = (
				CEB1256A1498D519008A4B70 /* main.m in Sources */,
				CEB1256E1498D519008A4B70 /* AppDelegate.m in Sources */,
				CEB125711498D519008A4B70 /* LeftViewController.m in Sources */,
				CEB125811498DCB8008A4B70 /* RightViewController.m in Sources */,
				CE8DDB791498E4BB00B0DDD0 /* HomeViewController.m in Sources */,
				CE8DDB831499037300B0DDD0 /* SecondLevelViewController.m in Sources */,
			);
			runOnlyForDeploymentPostprocessing = 0;
		};
/* End PBXSourcesBuildPhase section */

/* Begin PBXVariantGroup section */
		CEB125661498D519008A4B70 /* InfoPlist.strings */ = {
			isa = PBXVariantGroup;
			children = (
				CEB125671498D519008A4B70 /* en */,
			);
			name = InfoPlist.strings;
			sourceTree = "<group>";
		};
/* End PBXVariantGroup section */

/* Begin XCBuildConfiguration section */
		CEB125751498D519008A4B70 /* Debug */ = {
			isa = XCBuildConfiguration;
			buildSettings = {
				ALWAYS_SEARCH_USER_PATHS = NO;
				ARCHS = "$(ARCHS_STANDARD_32_BIT)";
				"CODE_SIGN_IDENTITY[sdk=iphoneos*]" = "iPhone Developer: YIJUN GAO (S7D49EKSW7)";
				COPY_PHASE_STRIP = NO;
				GCC_C_LANGUAGE_STANDARD = gnu99;
				GCC_DYNAMIC_NO_PIC = NO;
				GCC_OPTIMIZATION_LEVEL = 0;
				GCC_PREPROCESSOR_DEFINITIONS = (
					"DEBUG=1",
					"$(inherited)",
				);
				GCC_SYMBOLS_PRIVATE_EXTERN = NO;
				GCC_VERSION = com.apple.compilers.llvm.clang.1_0;
				GCC_WARN_ABOUT_MISSING_PROTOTYPES = YES;
				GCC_WARN_ABOUT_RETURN_TYPE = YES;
				GCC_WARN_UNUSED_VARIABLE = YES;
				IPHONEOS_DEPLOYMENT_TARGET = 4.0;
				"PROVISIONING_PROFILE[sdk=iphoneos*]" = "FFE78472-BE76-426B-925D-586E786FB08C";
				SDKROOT = iphoneos;
			};
			name = Debug;
		};
		CEB125761498D519008A4B70 /* Release */ = {
			isa = XCBuildConfiguration;
			buildSettings = {
				ALWAYS_SEARCH_USER_PATHS = NO;
				ARCHS = "$(ARCHS_STANDARD_32_BIT)";
				"CODE_SIGN_IDENTITY[sdk=iphoneos*]" = "iPhone Developer: YIJUN GAO (S7D49EKSW7)";
				COPY_PHASE_STRIP = YES;
				GCC_C_LANGUAGE_STANDARD = gnu99;
				GCC_VERSION = com.apple.compilers.llvm.clang.1_0;
				GCC_WARN_ABOUT_MISSING_PROTOTYPES = YES;
				GCC_WARN_ABOUT_RETURN_TYPE = YES;
				GCC_WARN_UNUSED_VARIABLE = YES;
				IPHONEOS_DEPLOYMENT_TARGET = 4.0;
				OTHER_CFLAGS = "-DNS_BLOCK_ASSERTIONS=1";
				"PROVISIONING_PROFILE[sdk=iphoneos*]" = "FFE78472-BE76-426B-925D-586E786FB08C";
				SDKROOT = iphoneos;
				VALIDATE_PRODUCT = YES;
			};
			name = Release;
		};
		CEB125781498D519008A4B70 /* Debug */ = {
			isa = XCBuildConfiguration;
			buildSettings = {
				GCC_PRECOMPILE_PREFIX_HEADER = YES;
				GCC_PREFIX_HEADER = "Path2DemoPrj/Path2DemoPrj-Prefix.pch";
				INFOPLIST_FILE = "Path2DemoPrj/Path2DemoPrj-Info.plist";
				IPHONEOS_DEPLOYMENT_TARGET = 4.0;
				PRODUCT_NAME = "$(TARGET_NAME)";
				WRAPPER_EXTENSION = app;
			};
			name = Debug;
		};
		CEB125791498D519008A4B70 /* Release */ = {
			isa = XCBuildConfiguration;
			buildSettings = {
				GCC_PRECOMPILE_PREFIX_HEADER = YES;
				GCC_PREFIX_HEADER = "Path2DemoPrj/Path2DemoPrj-Prefix.pch";
				INFOPLIST_FILE = "Path2DemoPrj/Path2DemoPrj-Info.plist";
				IPHONEOS_DEPLOYMENT_TARGET = 4.0;
				PRODUCT_NAME = "$(TARGET_NAME)";
				WRAPPER_EXTENSION = app;
			};
			name = Release;
		};
/* End XCBuildConfiguration section */

/* Begin XCConfigurationList section */
		CEB125531498D519008A4B70 /* Build configuration list for PBXProject "Path2DemoPrj" */ = {
			isa = XCConfigurationList;
			buildConfigurations = (
				CEB125751498D519008A4B70 /* Debug */,
				CEB125761498D519008A4B70 /* Release */,
			);
			defaultConfigurationIsVisible = 0;
			defaultConfigurationName = Release;
		};
		CEB125771498D519008A4B70 /* Build configuration list for PBXNativeTarget "Path2DemoPrj" */ = {
			isa = XCConfigurationList;
			buildConfigurations = (
				CEB125781498D519008A4B70 /* Debug */,
				CEB125791498D519008A4B70 /* Release */,
			);
			defaultConfigurationIsVisible = 0;
			defaultConfigurationName = Release;
		};
/* End XCConfigurationList section */
	};
	rootObject = CEB125501498D519008A4B70 /* Project object */;
}
